[[package]]
name = "atomicwrites"
version = "1.4.0"
description = "Atomic file writes."
category = "dev"
optional = false
python-versions = ">=2.7, !=3.0.*, !=3.1.*, !=3.2.*, !=3.3.*"

[[package]]
name = "attrs"
version = "20.3.0"
description = "Classes Without Boilerplate"
category = "main"
optional = false
python-versions = ">=2.7, !=3.0.*, !=3.1.*, !=3.2.*, !=3.3.*"

[package.extras]
dev = ["coverage[toml] (>=5.0.2)", "hypothesis", "pympler", "pytest (>=4.3.0)", "six", "zope.interface", "furo", "sphinx", "pre-commit"]
docs = ["furo", "sphinx", "zope.interface"]
tests = ["coverage[toml] (>=5.0.2)", "hypothesis", "pympler", "pytest (>=4.3.0)", "six", "zope.interface"]
tests_no_zope = ["coverage[toml] (>=5.0.2)", "hypothesis", "pympler", "pytest (>=4.3.0)", "six"]

[[package]]
name = "aws-cdk.assets"
version = "1.116.0"
description = "This module is deprecated. All types are now available under the core module"
category = "main"
optional = false
python-versions = ">=3.6"

[package.dependencies]
"aws-cdk.core" = "1.116.0"
"aws-cdk.cx-api" = "1.116.0"
constructs = ">=3.3.69,<4.0.0"
jsii = ">=1.31.0,<2.0.0"
publication = ">=0.0.3"

[[package]]
name = "aws-cdk.aws-applicationautoscaling"
version = "1.116.0"
description = "The CDK Construct Library for AWS::ApplicationAutoScaling"
category = "main"
optional = false
python-versions = ">=3.6"

[package.dependencies]
"aws-cdk.aws-autoscaling-common" = "1.116.0"
"aws-cdk.aws-cloudwatch" = "1.116.0"
"aws-cdk.aws-iam" = "1.116.0"
"aws-cdk.core" = "1.116.0"
constructs = ">=3.3.69,<4.0.0"
jsii = ">=1.31.0,<2.0.0"
publication = ">=0.0.3"

[[package]]
name = "aws-cdk.aws-autoscaling-common"
version = "1.116.0"
description = "Common implementation package for @aws-cdk/aws-autoscaling and @aws-cdk/aws-applicationautoscaling"
category = "main"
optional = false
python-versions = ">=3.6"

[package.dependencies]
"aws-cdk.aws-iam" = "1.116.0"
"aws-cdk.core" = "1.116.0"
constructs = ">=3.3.69,<4.0.0"
jsii = ">=1.31.0,<2.0.0"
publication = ">=0.0.3"

[[package]]
name = "aws-cdk.aws-cloudwatch"
version = "1.116.0"
description = "The CDK Construct Library for AWS::CloudWatch"
category = "main"
optional = false
python-versions = ">=3.6"

[package.dependencies]
"aws-cdk.aws-iam" = "1.116.0"
"aws-cdk.core" = "1.116.0"
constructs = ">=3.3.69,<4.0.0"
jsii = ">=1.31.0,<2.0.0"
publication = ">=0.0.3"

[[package]]
name = "aws-cdk.aws-codeguruprofiler"
version = "1.116.0"
description = "The CDK Construct Library for AWS::CodeGuruProfiler"
category = "main"
optional = false
python-versions = ">=3.6"

[package.dependencies]
"aws-cdk.aws-iam" = "1.116.0"
"aws-cdk.core" = "1.116.0"
constructs = ">=3.3.69,<4.0.0"
jsii = ">=1.31.0,<2.0.0"
publication = ">=0.0.3"

[[package]]
name = "aws-cdk.aws-ec2"
version = "1.116.0"
description = "The CDK Construct Library for AWS::EC2"
category = "main"
optional = false
python-versions = ">=3.6"

[package.dependencies]
"aws-cdk.aws-cloudwatch" = "1.116.0"
"aws-cdk.aws-iam" = "1.116.0"
"aws-cdk.aws-kms" = "1.116.0"
"aws-cdk.aws-logs" = "1.116.0"
"aws-cdk.aws-s3" = "1.116.0"
"aws-cdk.aws-s3-assets" = "1.116.0"
"aws-cdk.aws-ssm" = "1.116.0"
"aws-cdk.cloud-assembly-schema" = "1.116.0"
"aws-cdk.core" = "1.116.0"
"aws-cdk.cx-api" = "1.116.0"
"aws-cdk.region-info" = "1.116.0"
constructs = ">=3.3.69,<4.0.0"
jsii = ">=1.31.0,<2.0.0"
publication = ">=0.0.3"

[[package]]
name = "aws-cdk.aws-ecr"
version = "1.116.0"
description = "The CDK Construct Library for AWS::ECR"
category = "main"
optional = false
python-versions = ">=3.6"

[package.dependencies]
"aws-cdk.aws-events" = "1.116.0"
"aws-cdk.aws-iam" = "1.116.0"
"aws-cdk.core" = "1.116.0"
constructs = ">=3.3.69,<4.0.0"
jsii = ">=1.31.0,<2.0.0"
publication = ">=0.0.3"

[[package]]
name = "aws-cdk.aws-ecr-assets"
version = "1.116.0"
description = "Docker image assets deployed to ECR"
category = "main"
optional = false
python-versions = ">=3.6"

[package.dependencies]
"aws-cdk.assets" = "1.116.0"
"aws-cdk.aws-ecr" = "1.116.0"
"aws-cdk.aws-iam" = "1.116.0"
"aws-cdk.aws-s3" = "1.116.0"
"aws-cdk.core" = "1.116.0"
"aws-cdk.cx-api" = "1.116.0"
constructs = ">=3.3.69,<4.0.0"
jsii = ">=1.31.0,<2.0.0"
publication = ">=0.0.3"

[[package]]
name = "aws-cdk.aws-efs"
version = "1.116.0"
description = "The CDK Construct Library for AWS::EFS"
category = "main"
optional = false
python-versions = ">=3.6"

[package.dependencies]
"aws-cdk.aws-ec2" = "1.116.0"
"aws-cdk.aws-iam" = "1.116.0"
"aws-cdk.aws-kms" = "1.116.0"
"aws-cdk.cloud-assembly-schema" = "1.116.0"
"aws-cdk.core" = "1.116.0"
"aws-cdk.cx-api" = "1.116.0"
constructs = ">=3.3.69,<4.0.0"
jsii = ">=1.31.0,<2.0.0"
publication = ">=0.0.3"

[[package]]
name = "aws-cdk.aws-events"
version = "1.116.0"
description = "Amazon EventBridge Construct Library"
category = "main"
optional = false
python-versions = ">=3.6"

[package.dependencies]
"aws-cdk.aws-iam" = "1.116.0"
"aws-cdk.core" = "1.116.0"
constructs = ">=3.3.69,<4.0.0"
jsii = ">=1.31.0,<2.0.0"
publication = ">=0.0.3"

[[package]]
name = "aws-cdk.aws-iam"
version = "1.116.0"
description = "CDK routines for easily assigning correct and minimal IAM permissions"
category = "main"
optional = false
python-versions = ">=3.6"

[package.dependencies]
"aws-cdk.core" = "1.116.0"
"aws-cdk.region-info" = "1.116.0"
constructs = ">=3.3.69,<4.0.0"
jsii = ">=1.31.0,<2.0.0"
publication = ">=0.0.3"

[[package]]
name = "aws-cdk.aws-kms"
version = "1.116.0"
description = "The CDK Construct Library for AWS::KMS"
category = "main"
optional = false
python-versions = ">=3.6"

[package.dependencies]
"aws-cdk.aws-iam" = "1.116.0"
"aws-cdk.core" = "1.116.0"
"aws-cdk.cx-api" = "1.116.0"
constructs = ">=3.3.69,<4.0.0"
jsii = ">=1.31.0,<2.0.0"
publication = ">=0.0.3"

[[package]]
name = "aws-cdk.aws-lambda"
version = "1.116.0"
description = "The CDK Construct Library for AWS::Lambda"
category = "main"
optional = false
python-versions = ">=3.6"

[package.dependencies]
"aws-cdk.aws-applicationautoscaling" = "1.116.0"
"aws-cdk.aws-cloudwatch" = "1.116.0"
"aws-cdk.aws-codeguruprofiler" = "1.116.0"
"aws-cdk.aws-ec2" = "1.116.0"
"aws-cdk.aws-ecr" = "1.116.0"
"aws-cdk.aws-ecr-assets" = "1.116.0"
"aws-cdk.aws-efs" = "1.116.0"
"aws-cdk.aws-events" = "1.116.0"
"aws-cdk.aws-iam" = "1.116.0"
"aws-cdk.aws-kms" = "1.116.0"
"aws-cdk.aws-logs" = "1.116.0"
"aws-cdk.aws-s3" = "1.116.0"
"aws-cdk.aws-s3-assets" = "1.116.0"
"aws-cdk.aws-signer" = "1.116.0"
"aws-cdk.aws-sqs" = "1.116.0"
"aws-cdk.core" = "1.116.0"
"aws-cdk.cx-api" = "1.116.0"
constructs = ">=3.3.69,<4.0.0"
jsii = ">=1.31.0,<2.0.0"
publication = ">=0.0.3"

[[package]]
name = "aws-cdk.aws-logs"
version = "1.116.0"
description = "The CDK Construct Library for AWS::Logs"
category = "main"
optional = false
python-versions = ">=3.6"

[package.dependencies]
"aws-cdk.aws-cloudwatch" = "1.116.0"
"aws-cdk.aws-iam" = "1.116.0"
"aws-cdk.aws-kms" = "1.116.0"
"aws-cdk.aws-s3-assets" = "1.116.0"
"aws-cdk.core" = "1.116.0"
constructs = ">=3.3.69,<4.0.0"
jsii = ">=1.31.0,<2.0.0"
publication = ">=0.0.3"

[[package]]
name = "aws-cdk.aws-s3"
version = "1.116.0"
description = "The CDK Construct Library for AWS::S3"
category = "main"
optional = false
python-versions = ">=3.6"

[package.dependencies]
"aws-cdk.aws-events" = "1.116.0"
"aws-cdk.aws-iam" = "1.116.0"
"aws-cdk.aws-kms" = "1.116.0"
"aws-cdk.core" = "1.116.0"
"aws-cdk.cx-api" = "1.116.0"
constructs = ">=3.3.69,<4.0.0"
jsii = ">=1.31.0,<2.0.0"
publication = ">=0.0.3"

[[package]]
name = "aws-cdk.aws-s3-assets"
version = "1.116.0"
description = "Deploy local files and directories to S3"
category = "main"
optional = false
python-versions = ">=3.6"

[package.dependencies]
"aws-cdk.assets" = "1.116.0"
"aws-cdk.aws-iam" = "1.116.0"
"aws-cdk.aws-kms" = "1.116.0"
"aws-cdk.aws-s3" = "1.116.0"
"aws-cdk.core" = "1.116.0"
"aws-cdk.cx-api" = "1.116.0"
constructs = ">=3.3.69,<4.0.0"
jsii = ">=1.31.0,<2.0.0"
publication = ">=0.0.3"

[[package]]
name = "aws-cdk.aws-signer"
version = "1.116.0"
description = "The CDK Construct Library for AWS::Signer"
category = "main"
optional = false
python-versions = ">=3.6"

[package.dependencies]
"aws-cdk.core" = "1.116.0"
constructs = ">=3.3.69,<4.0.0"
jsii = ">=1.31.0,<2.0.0"
publication = ">=0.0.3"

[[package]]
name = "aws-cdk.aws-sqs"
version = "1.116.0"
description = "The CDK Construct Library for AWS::SQS"
category = "main"
optional = false
python-versions = ">=3.6"

[package.dependencies]
"aws-cdk.aws-cloudwatch" = "1.116.0"
"aws-cdk.aws-iam" = "1.116.0"
"aws-cdk.aws-kms" = "1.116.0"
"aws-cdk.core" = "1.116.0"
constructs = ">=3.3.69,<4.0.0"
jsii = ">=1.31.0,<2.0.0"
publication = ">=0.0.3"

[[package]]
name = "aws-cdk.aws-ssm"
version = "1.116.0"
description = "The CDK Construct Library for AWS::SSM"
category = "main"
optional = false
python-versions = ">=3.6"

[package.dependencies]
"aws-cdk.aws-iam" = "1.116.0"
"aws-cdk.aws-kms" = "1.116.0"
"aws-cdk.cloud-assembly-schema" = "1.116.0"
"aws-cdk.core" = "1.116.0"
constructs = ">=3.3.69,<4.0.0"
jsii = ">=1.31.0,<2.0.0"
publication = ">=0.0.3"

[[package]]
name = "aws-cdk.cloud-assembly-schema"
version = "1.116.0"
description = "Cloud Assembly Schema"
category = "main"
optional = false
python-versions = ">=3.6"

[package.dependencies]
jsii = ">=1.31.0,<2.0.0"
publication = ">=0.0.3"

[[package]]
name = "aws-cdk.core"
version = "1.116.0"
description = "AWS Cloud Development Kit Core Library"
category = "main"
optional = false
python-versions = ">=3.6"

[package.dependencies]
"aws-cdk.cloud-assembly-schema" = "1.116.0"
"aws-cdk.cx-api" = "1.116.0"
"aws-cdk.region-info" = "1.116.0"
constructs = ">=3.3.69,<4.0.0"
jsii = ">=1.31.0,<2.0.0"
publication = ">=0.0.3"

[[package]]
name = "aws-cdk.cx-api"
version = "1.116.0"
description = "Cloud executable protocol"
category = "main"
optional = false
python-versions = ">=3.6"

[package.dependencies]
"aws-cdk.cloud-assembly-schema" = "1.116.0"
jsii = ">=1.31.0,<2.0.0"
publication = ">=0.0.3"

[[package]]
name = "aws-cdk.region-info"
version = "1.116.0"
description = "AWS region information, such as service principal names"
category = "main"
optional = false
python-versions = ">=3.6"

[package.dependencies]
jsii = ">=1.31.0,<2.0.0"
publication = ">=0.0.3"

[[package]]
name = "cattrs"
version = "1.5.0"
description = "Composable complex class support for attrs and dataclasses."
category = "main"
optional = false
python-versions = "~=3.7"

[package.dependencies]
attrs = ">=20.1.0"

[package.extras]
dev = ["bumpversion", "wheel", "watchdog", "flake8", "tox", "coverage", "sphinx", "pytest", "pytest-benchmark", "hypothesis", "pendulum", "isort", "black", "immutables"]

[[package]]
name = "colorama"
version = "0.4.4"
description = "Cross-platform colored terminal text."
category = "dev"
optional = false
python-versions = ">=2.7, !=3.0.*, !=3.1.*, !=3.2.*, !=3.3.*, !=3.4.*"

[[package]]
name = "constructs"
version = "3.3.97"
description = "A programming model for composable configuration"
category = "main"
optional = false
python-versions = ">=3.6"

[package.dependencies]
jsii = ">=1.30.0,<2.0.0"
publication = ">=0.0.3"

[[package]]
name = "flake8"
version = "3.9.2"
description = "the modular source code checker: pep8 pyflakes and co"
category = "dev"
optional = false
python-versions = "!=3.0.*,!=3.1.*,!=3.2.*,!=3.3.*,!=3.4.*,>=2.7"

[package.dependencies]
mccabe = ">=0.6.0,<0.7.0"
pycodestyle = ">=2.7.0,<2.8.0"
pyflakes = ">=2.3.0,<2.4.0"

[[package]]
name = "jsii"
version = "1.31.0"
description = "Python client for jsii runtime"
category = "main"
optional = false
python-versions = "~=3.6"

[package.dependencies]
attrs = ">=20.1,<21.0"
cattrs = {version = ">=1.5.0,<1.6.0", markers = "python_version >= \"3.7\""}
python-dateutil = "*"
typing-extensions = ">=3.7,<4.0"

[[package]]
name = "mccabe"
version = "0.6.1"
description = "McCabe checker, plugin for flake8"
category = "dev"
optional = false
python-versions = "*"

[[package]]
name = "more-itertools"
version = "8.8.0"
description = "More routines for operating on iterables, beyond itertools"
category = "dev"
optional = false
python-versions = ">=3.5"

[[package]]
name = "packaging"
version = "21.0"
description = "Core utilities for Python packages"
category = "dev"
optional = false
python-versions = ">=3.6"

[package.dependencies]
pyparsing = ">=2.0.2"

[[package]]
name = "pluggy"
version = "0.13.1"
description = "plugin and hook calling mechanisms for python"
category = "dev"
optional = false
python-versions = ">=2.7, !=3.0.*, !=3.1.*, !=3.2.*, !=3.3.*"

[package.extras]
dev = ["pre-commit", "tox"]

[[package]]
name = "publication"
version = "0.0.3"
description = "Publication helps you maintain public-api-friendly modules by preventing unintentional access to private implementation details via introspection."
category = "main"
optional = false
python-versions = "*"

[[package]]
name = "py"
version = "1.10.0"
description = "library with cross-python path, ini-parsing, io, code, log facilities"
category = "dev"
optional = false
python-versions = ">=2.7, !=3.0.*, !=3.1.*, !=3.2.*, !=3.3.*"

[[package]]
name = "pycodestyle"
version = "2.7.0"
description = "Python style guide checker"
category = "dev"
optional = false
python-versions = ">=2.7, !=3.0.*, !=3.1.*, !=3.2.*, !=3.3.*"

[[package]]
name = "pyflakes"
version = "2.3.1"
description = "passive checker of Python programs"
category = "dev"
optional = false
python-versions = ">=2.7, !=3.0.*, !=3.1.*, !=3.2.*, !=3.3.*"

[[package]]
name = "pyparsing"
version = "2.4.7"
description = "Python parsing module"
category = "dev"
optional = false
python-versions = ">=2.6, !=3.0.*, !=3.1.*, !=3.2.*"

[[package]]
name = "pytest"
version = "5.4.3"
description = "pytest: simple powerful testing with Python"
category = "dev"
optional = false
python-versions = ">=3.5"

[package.dependencies]
atomicwrites = {version = ">=1.0", markers = "sys_platform == \"win32\""}
attrs = ">=17.4.0"
colorama = {version = "*", markers = "sys_platform == \"win32\""}
more-itertools = ">=4.0.0"
packaging = "*"
pluggy = ">=0.12,<1.0"
py = ">=1.5.0"
wcwidth = "*"

[package.extras]
checkqa-mypy = ["mypy (==v0.761)"]
testing = ["argcomplete", "hypothesis (>=3.56)", "mock", "nose", "requests", "xmlschema"]

[[package]]
name = "python-dateutil"
version = "2.8.1"
description = "Extensions to the standard Python datetime module"
category = "main"
optional = false
python-versions = "!=3.0.*,!=3.1.*,!=3.2.*,>=2.7"

[package.dependencies]
six = ">=1.5"

[[package]]
name = "six"
version = "1.16.0"
description = "Python 2 and 3 compatibility utilities"
category = "main"
optional = false
python-versions = ">=2.7, !=3.0.*, !=3.1.*, !=3.2.*"

[[package]]
name = "typing-extensions"
version = "3.10.0.0"
description = "Backported and Experimental Type Hints for Python 3.5+"
category = "main"
optional = false
python-versions = "*"

[[package]]
name = "wcwidth"
version = "0.2.5"
description = "Measures the displayed width of unicode strings in a terminal"
category = "dev"
optional = false
python-versions = "*"

[metadata]
lock-version = "1.1"
python-versions = "^3.8"
content-hash = "0088c1683f7689b33acffec61c8c07c0084f835c1c688629d3105673d9a4850e"

[metadata.files]
atomicwrites = [
    {file = "atomicwrites-1.4.0-py2.py3-none-any.whl", hash = "sha256:6d1784dea7c0c8d4a5172b6c620f40b6e4cbfdf96d783691f2e1302a7b88e197"},
    {file = "atomicwrites-1.4.0.tar.gz", hash = "sha256:ae70396ad1a434f9c7046fd2dd196fc04b12f9e91ffb859164193be8b6168a7a"},
]
attrs = [
    {file = "attrs-20.3.0-py2.py3-none-any.whl", hash = "sha256:31b2eced602aa8423c2aea9c76a724617ed67cf9513173fd3a4f03e3a929c7e6"},
    {file = "attrs-20.3.0.tar.gz", hash = "sha256:832aa3cde19744e49938b91fea06d69ecb9e649c93ba974535d08ad92164f700"},
]
"aws-cdk.assets" = [
    {file = "aws-cdk.assets-1.116.0.tar.gz", hash = "sha256:f8fa9c7e56d949b94647db501e059c432cd7734419c874bb15844a80f96c5d8a"},
    {file = "aws_cdk.assets-1.116.0-py3-none-any.whl", hash = "sha256:dee561968d1f776684832bd2c3c6525a4b313b95cdb689273865eed706851514"},
]
"aws-cdk.aws-applicationautoscaling" = [
    {file = "aws-cdk.aws-applicationautoscaling-1.116.0.tar.gz", hash = "sha256:8711be5f2c5a0f16df557cd87dc852b571cecd29136fc9e9723c5e858a69f2b7"},
    {file = "aws_cdk.aws_applicationautoscaling-1.116.0-py3-none-any.whl", hash = "sha256:7dc2b1559db81d54dcf880bc4e5f8947a3f3cfbc173b24b11b79b8ba5780effc"},
]
"aws-cdk.aws-autoscaling-common" = [
    {file = "aws-cdk.aws-autoscaling-common-1.116.0.tar.gz", hash = "sha256:e68704dfdf85f481cfddbc0dfefdbb6481a09d0e3ce490567da237bd5ae9ca37"},
    {file = "aws_cdk.aws_autoscaling_common-1.116.0-py3-none-any.whl", hash = "sha256:6a5cea0779948e9869adac6edc75053a96db7ed1447ca0586848e7a9dc9b631d"},
]
"aws-cdk.aws-cloudwatch" = [
    {file = "aws-cdk.aws-cloudwatch-1.116.0.tar.gz", hash = "sha256:b36bbf1dfd9cc5a6bc15b0d27fcde2f39013a5622abf96fbde364eece7ca4068"},
    {file = "aws_cdk.aws_cloudwatch-1.116.0-py3-none-any.whl", hash = "sha256:bdfbd0e4676fe38ed31db859375285ea27401fafce391351fd4e9bef6c8c2fcb"},
]
"aws-cdk.aws-codeguruprofiler" = [
    {file = "aws-cdk.aws-codeguruprofiler-1.116.0.tar.gz", hash = "sha256:3c6b8af789df124630c0e6dd820395ecb0a49beaddb85d7229a8f5a708de63e6"},
    {file = "aws_cdk.aws_codeguruprofiler-1.116.0-py3-none-any.whl", hash = "sha256:33d1f15a84aa70a95eb3625d3ab1426de8ea1e713234cba279fe1f70669931a6"},
]
"aws-cdk.aws-ec2" = [
    {file = "aws-cdk.aws-ec2-1.116.0.tar.gz", hash = "sha256:843f51f295b5082eb0653511a47fdf3e36c305a33716e1d2588b0a6037873f00"},
    {file = "aws_cdk.aws_ec2-1.116.0-py3-none-any.whl", hash = "sha256:47f434a1bd73f4ddfc7d38e61a195e3f879c13ecea6be2318b7cee1c16153f27"},
]
"aws-cdk.aws-ecr" = [
    {file = "aws-cdk.aws-ecr-1.116.0.tar.gz", hash = "sha256:545460ea99521699d5c78787af832192b002b798abeddf05719b51fae05048e3"},
    {file = "aws_cdk.aws_ecr-1.116.0-py3-none-any.whl", hash = "sha256:108049191e6e2f69368fa92288c8996d52160452d6e7746c61b9b13d31d51c0b"},
]
"aws-cdk.aws-ecr-assets" = [
    {file = "aws-cdk.aws-ecr-assets-1.116.0.tar.gz", hash = "sha256:d576faab1b2e0441a14564403a1729299e59fa95f73220fb01bef5920ff0f1fb"},
    {file = "aws_cdk.aws_ecr_assets-1.116.0-py3-none-any.whl", hash = "sha256:741c93ff6c6a59bf11234c21c747c225f1e51692e9bd6f4db33b41bbfec4d323"},
]
"aws-cdk.aws-efs" = [
    {file = "aws-cdk.aws-efs-1.116.0.tar.gz", hash = "sha256:bcd793cb159c9f0c7f5b58b59becfffd4560f7f4755225a049556b2b746fee06"},
    {file = "aws_cdk.aws_efs-1.116.0-py3-none-any.whl", hash = "sha256:3742f858ad29aca8e48a352b961c5219626b6339d1dfed4105d673c6f1cc2269"},
]
"aws-cdk.aws-events" = [
    {file = "aws-cdk.aws-events-1.116.0.tar.gz", hash = "sha256:f160331ca637aa257c66e666217f7e235b0da20ee8460d62cbe5e089a4b91d81"},
    {file = "aws_cdk.aws_events-1.116.0-py3-none-any.whl", hash = "sha256:d6a4638b6072f448a1f5f86a4e7e72c6049dfb88df4f9cabefa4d5dc04ad39e9"},
]
"aws-cdk.aws-iam" = [
    {file = "aws-cdk.aws-iam-1.116.0.tar.gz", hash = "sha256:e0a008e1546c395ae142ae9bc765206674c4ee6ec2c7f233c61f1cb7c3a88383"},
    {file = "aws_cdk.aws_iam-1.116.0-py3-none-any.whl", hash = "sha256:3f17c513c2b3f138beb8ecee41de03686e8d04467ff3163d844ff89f5c48eb29"},
]
"aws-cdk.aws-kms" = [
    {file = "aws-cdk.aws-kms-1.116.0.tar.gz", hash = "sha256:2ec109dd936ef0328347000e1a28a8c9bd70bed33b1b77c6cf8151aed4479bb2"},
    {file = "aws_cdk.aws_kms-1.116.0-py3-none-any.whl", hash = "sha256:a529834e512f342eafea1d103b090f9d0a9ad9b6ad39b9927fe527b15d41c7d8"},
]
"aws-cdk.aws-lambda" = [
    {file = "aws-cdk.aws-lambda-1.116.0.tar.gz", hash = "sha256:0c7e8e4a093e61ffe613cd486ada5b6de3fa7b0950e7a250e6e66ad43a897bd2"},
    {file = "aws_cdk.aws_lambda-1.116.0-py3-none-any.whl", hash = "sha256:1f81fb7b8a299850dbdf1564454e4c25e31b651a7ae7df0e3b760dbcfe18b5ad"},
]
"aws-cdk.aws-logs" = [
    {file = "aws-cdk.aws-logs-1.116.0.tar.gz", hash = "sha256:a8c042f417a3d817c645c6bd27282093f297af9cfe9d1db54dcfb88c731c846d"},
    {file = "aws_cdk.aws_logs-1.116.0-py3-none-any.whl", hash = "sha256:7047ccfcd3162dad790b715d654e8a00f74b2e6ee468c2e7924eb98d04a25739"},
]
"aws-cdk.aws-s3" = [
    {file = "aws-cdk.aws-s3-1.116.0.tar.gz", hash = "sha256:d97bbd05d6d9ba1abc47c89045e6e163d149d3133a5466404f8d311560abddbb"},
    {file = "aws_cdk.aws_s3-1.116.0-py3-none-any.whl", hash = "sha256:9cbf95a9b2421f4724ad38771e2ae418ce9d12169cabdfd23e9161d358074c09"},
]
"aws-cdk.aws-s3-assets" = [
    {file = "aws-cdk.aws-s3-assets-1.116.0.tar.gz", hash = "sha256:4f50b719edf27ad1217f7793442e9fa8e872a05356c87e2563a128f353b2a328"},
    {file = "aws_cdk.aws_s3_assets-1.116.0-py3-none-any.whl", hash = "sha256:0bfca11880676b5b89c203d3d6895ccda1294846a904ad9bdded3f411f6770f6"},
]
"aws-cdk.aws-signer" = [
    {file = "aws-cdk.aws-signer-1.116.0.tar.gz", hash = "sha256:a7dc37ed59e4995b420607a9da4ecc3cb68657af6419558b1d560852aabe84ef"},
    {file = "aws_cdk.aws_signer-1.116.0-py3-none-any.whl", hash = "sha256:697a986d2cce33b416b087db0c307b352bd95d33b4a16c447faf3bbad2b2e8b2"},
]
"aws-cdk.aws-sqs" = [
    {file = "aws-cdk.aws-sqs-1.116.0.tar.gz", hash = "sha256:ce2f8518c1a6b11a6dbbddc1b52386ffccb06fa175d7fb4e9750be067af37e01"},
    {file = "aws_cdk.aws_sqs-1.116.0-py3-none-any.whl", hash = "sha256:69d8100a292bc877ccdcdfc80451fb27d3a7a05f379a1f318827f83648e8898a"},
]
"aws-cdk.aws-ssm" = [
    {file = "aws-cdk.aws-ssm-1.116.0.tar.gz", hash = "sha256:dcbe70c9cad8963d395ef0593298f8e15a03bfc26f942c3a370fb4faf2e65aec"},
    {file = "aws_cdk.aws_ssm-1.116.0-py3-none-any.whl", hash = "sha256:dd1e8f7defb9abf9507e03805573e4d0ff4a1bb41ed2fec9f01887e59475675d"},
]
"aws-cdk.cloud-assembly-schema" = [
    {file = "aws-cdk.cloud-assembly-schema-1.116.0.tar.gz", hash = "sha256:a936c68227daaca8ba56baab1e3069c1700bb6c80a79107c294fe2a667db4758"},
    {file = "aws_cdk.cloud_assembly_schema-1.116.0-py3-none-any.whl", hash = "sha256:0cf94a6f3a1fcb3bb98f448e4b3031b6996b4da91b802d73cbdcfb83b8007929"},
]
"aws-cdk.core" = [
    {file = "aws-cdk.core-1.116.0.tar.gz", hash = "sha256:bc3aa0a5289467eaab15afea31cf1c3b2567bf8c3093323d110f1a1c337d44a7"},
    {file = "aws_cdk.core-1.116.0-py3-none-any.whl", hash = "sha256:86e90ef4d276d6de5a4d3d6ca0266f7a828e5b0d2c813fd62991e949689330d9"},
]
"aws-cdk.cx-api" = [
    {file = "aws-cdk.cx-api-1.116.0.tar.gz", hash = "sha256:323a150b4b4cac4c31e215796087faf8754d384c1d48c32c558348b62dad1c20"},
    {file = "aws_cdk.cx_api-1.116.0-py3-none-any.whl", hash = "sha256:ee945d37136abe939d44cebe4c735e512bab09b62971e3515f19155f886448e3"},
]
"aws-cdk.region-info" = [
    {file = "aws-cdk.region-info-1.116.0.tar.gz", hash = "sha256:becfe4c909b2f40ef02529ec55375e6bb34251511d26980ac1ddf0a893dcd15a"},
    {file = "aws_cdk.region_info-1.116.0-py3-none-any.whl", hash = "sha256:95a5d91d08acf395561c9752bd57e4e76b72ad35722607f8e47504e2650363d5"},
]
cattrs = [
    {file = "cattrs-1.5.0-py3-none-any.whl", hash = "sha256:277d12740b45e46318b41c3b2e4a3bc067a7b9971cf61f0e96497598ad83f282"},
    {file = "cattrs-1.5.0.tar.gz", hash = "sha256:a6233d0ce33d48ac71ef818f8e0b9309a89496b359994c4dfe9ad211c1f6d0a3"},
]
colorama = [
    {file = "colorama-0.4.4-py2.py3-none-any.whl", hash = "sha256:9f47eda37229f68eee03b24b9748937c7dc3868f906e8ba69fbcbdd3bc5dc3e2"},
    {file = "colorama-0.4.4.tar.gz", hash = "sha256:5941b2b48a20143d2267e95b1c2a7603ce057ee39fd88e7329b0c292aa16869b"},
]
constructs = [
    {file = "constructs-3.3.97-py3-none-any.whl", hash = "sha256:482d31b08fe7ae036d3ed41b7e51ff3b683a55957765fe418ce037b3fa62f6a7"},
    {file = "constructs-3.3.97.tar.gz", hash = "sha256:372902f796bc135017571bad737a71530e4c354479c077c4e67fed6bf7a4df37"},
]
flake8 = [
    {file = "flake8-3.9.2-py2.py3-none-any.whl", hash = "sha256:bf8fd333346d844f616e8d47905ef3a3384edae6b4e9beb0c5101e25e3110907"},
    {file = "flake8-3.9.2.tar.gz", hash = "sha256:07528381786f2a6237b061f6e96610a4167b226cb926e2aa2b6b1d78057c576b"},
]
jsii = [
    {file = "jsii-1.31.0-py3-none-any.whl", hash = "sha256:511d535f8d02912b92b7d405b3610161a2acd485991791fd793a45f3262d14f0"},
    {file = "jsii-1.31.0.tar.gz", hash = "sha256:0e166a334dc96aa10b30b531fbd5c2079b1be3d03a7a5fb53db9d6a4f20ddba0"},
]
mccabe = [
    {file = "mccabe-0.6.1-py2.py3-none-any.whl", hash = "sha256:ab8a6258860da4b6677da4bd2fe5dc2c659cff31b3ee4f7f5d64e79735b80d42"},
    {file = "mccabe-0.6.1.tar.gz", hash = "sha256:dd8d182285a0fe56bace7f45b5e7d1a6ebcbf524e8f3bd87eb0f125271b8831f"},
]
more-itertools = [
    {file = "more-itertools-8.8.0.tar.gz", hash = "sha256:83f0308e05477c68f56ea3a888172c78ed5d5b3c282addb67508e7ba6c8f813a"},
    {file = "more_itertools-8.8.0-py3-none-any.whl", hash = "sha256:2cf89ec599962f2ddc4d568a05defc40e0a587fbc10d5989713638864c36be4d"},
]
packaging = [
    {file = "packaging-21.0-py3-none-any.whl", hash = "sha256:c86254f9220d55e31cc94d69bade760f0847da8000def4dfe1c6b872fd14ff14"},
    {file = "packaging-21.0.tar.gz", hash = "sha256:7dc96269f53a4ccec5c0670940a4281106dd0bb343f47b7471f779df49c2fbe7"},
]
pluggy = [
    {file = "pluggy-0.13.1-py2.py3-none-any.whl", hash = "sha256:966c145cd83c96502c3c3868f50408687b38434af77734af1e9ca461a4081d2d"},
    {file = "pluggy-0.13.1.tar.gz", hash = "sha256:15b2acde666561e1298d71b523007ed7364de07029219b604cf808bfa1c765b0"},
]
publication = [
    {file = "publication-0.0.3-py2.py3-none-any.whl", hash = "sha256:0248885351febc11d8a1098d5c8e3ab2dabcf3e8c0c96db1e17ecd12b53afbe6"},
    {file = "publication-0.0.3.tar.gz", hash = "sha256:68416a0de76dddcdd2930d1c8ef853a743cc96c82416c4e4d3b5d901c6276dc4"},
]
py = [
    {file = "py-1.10.0-py2.py3-none-any.whl", hash = "sha256:3b80836aa6d1feeaa108e046da6423ab8f6ceda6468545ae8d02d9d58d18818a"},
    {file = "py-1.10.0.tar.gz", hash = "sha256:21b81bda15b66ef5e1a777a21c4dcd9c20ad3efd0b3f817e7a809035269e1bd3"},
]
pycodestyle = [
    {file = "pycodestyle-2.7.0-py2.py3-none-any.whl", hash = "sha256:514f76d918fcc0b55c6680472f0a37970994e07bbb80725808c17089be302068"},
    {file = "pycodestyle-2.7.0.tar.gz", hash = "sha256:c389c1d06bf7904078ca03399a4816f974a1d590090fecea0c63ec26ebaf1cef"},
]
pyflakes = [
    {file = "pyflakes-2.3.1-py2.py3-none-any.whl", hash = "sha256:7893783d01b8a89811dd72d7dfd4d84ff098e5eed95cfa8905b22bbffe52efc3"},
    {file = "pyflakes-2.3.1.tar.gz", hash = "sha256:f5bc8ecabc05bb9d291eb5203d6810b49040f6ff446a756326104746cc00c1db"},
]
pyparsing = [
    {file = "pyparsing-2.4.7-py2.py3-none-any.whl", hash = "sha256:ef9d7589ef3c200abe66653d3f1ab1033c3c419ae9b9bdb1240a85b024efc88b"},
    {file = "pyparsing-2.4.7.tar.gz", hash = "sha256:c203ec8783bf771a155b207279b9bccb8dea02d8f0c9e5f8ead507bc3246ecc1"},
]
pytest = [
    {file = "pytest-5.4.3-py3-none-any.whl", hash = "sha256:5c0db86b698e8f170ba4582a492248919255fcd4c79b1ee64ace34301fb589a1"},
    {file = "pytest-5.4.3.tar.gz", hash = "sha256:7979331bfcba207414f5e1263b5a0f8f521d0f457318836a7355531ed1a4c7d8"},
]
python-dateutil = [
    {file = "python-dateutil-2.8.1.tar.gz", hash = "sha256:73ebfe9dbf22e832286dafa60473e4cd239f8592f699aa5adaf10050e6e1823c"},
    {file = "python_dateutil-2.8.1-py2.py3-none-any.whl", hash = "sha256:75bb3f31ea686f1197762692a9ee6a7550b59fc6ca3a1f4b5d7e32fb98e2da2a"},
]
six = [
    {file = "six-1.16.0-py2.py3-none-any.whl", hash = "sha256:8abb2f1d86890a2dfb989f9a77cfcfd3e47c2a354b01111771326f8aa26e0254"},
    {file = "six-1.16.0.tar.gz", hash = "sha256:1e61c37477a1626458e36f7b1d82aa5c9b094fa4802892072e49de9c60c4c926"},
]
typing-extensions = [
    {file = "typing_extensions-3.10.0.0-py2-none-any.whl", hash = "sha256:0ac0f89795dd19de6b97debb0c6af1c70987fd80a2d62d1958f7e56fcc31b497"},
    {file = "typing_extensions-3.10.0.0-py3-none-any.whl", hash = "sha256:779383f6086d90c99ae41cf0ff39aac8a7937a9283ce0a414e5dd782f4c94a84"},
    {file = "typing_extensions-3.10.0.0.tar.gz", hash = "sha256:50b6f157849174217d0656f99dc82fe932884fb250826c18350e159ec6cdf342"},
]
wcwidth = [
    {file = "wcwidth-0.2.5-py2.py3-none-any.whl", hash = "sha256:beb4802a9cebb9144e99086eff703a642a13d6a0052920003a230f3294bbe784"},
    {file = "wcwidth-0.2.5.tar.gz", hash = "sha256:c4d647b99872929fdb7bdcaa4fbe7f01413ed3d98077df798530e5b04f116c83"},
]
